
Microsoft Visual Studio Solution File, Format Version 12.00
# Visual Studio Version 17
VisualStudioVersion = 17.11.35327.3
MinimumVisualStudioVersion = 10.0.40219.1
Project("{9A19103F-16F7-4668-BE54-9A1E7A4F7556}") = "if-else-odev", "if-else-odev\if-else-odev.csproj", "{E3DA8326-DE51-4806-A79C-84D9208810A3}"
EndProject
Project("{9A19103F-16F7-4668-BE54-9A1E7A4F7556}") = "switch-case-odev", "switch-case-odev\switch-case-odev.csproj", "{7152AFAD-6E2B-4A5A-B115-A76BC52CD437}"
EndProject
Project("{9A19103F-16F7-4668-BE54-9A1E7A4F7556}") = "milyoner-odev", "milyoner-odev\milyoner-odev.csproj", "{6AD53DBF-D12E-4862-9093-8388F1DE34A0}"
EndProject
Project("{9A19103F-16F7-4668-BE54-9A1E7A4F7556}") = "for-odev", "for-odev\for-odev.csproj", "{17156AAC-A081-47CD-B3BA-3B53870BD4F4}"
EndProject
Project("{9A19103F-16F7-4668-BE54-9A1E7A4F7556}") = "while-odev", "while-odev\while-odev.csproj", "{3B77578D-8AB6-4FDE-9CB1-F3C4F2AD9401}"
EndProject
Project("{9A19103F-16F7-4668-BE54-9A1E7A4F7556}") = "do-while-odev", "do-while-odev\do-while-odev.csproj", "{4D51AA96-6BCD-43DB-ACA9-F436E778EFFF}"
EndProject
Project("{9A19103F-16F7-4668-BE54-9A1E7A4F7556}") = "holiday-app-odev", "holiday-app-odev\holiday-app-odev.csproj", "{CE3F7B32-A6D9-4550-B224-1E7F4610B9DF}"
EndProject
Project("{9A19103F-16F7-4668-BE54-9A1E7A4F7556}") = "method-odev", "method-odev\method-odev.csproj", "{BBC854F9-6E8B-44D8-A5FA-D62EEA6B074B}"
EndProject
Project("{9A19103F-16F7-4668-BE54-9A1E7A4F7556}") = "ikinci-hafta-kapanis", "ikinci-hafta-kapanis\ikinci-hafta-kapanis.csproj", "{51685538-770E-44AE-8B2C-A4C9D946A5DE}"
EndProject
Project("{9A19103F-16F7-4668-BE54-9A1E7A4F7556}") = "class-odev", "class-odev\class-odev.csproj", "{A5346EA8-7A3F-4475-B040-248E7DCD8C79}"
EndProject
Project("{9A19103F-16F7-4668-BE54-9A1E7A4F7556}") = "ctor-odev", "ctor-odev\ctor-odev.csproj", "{D77B6D9E-6072-4C91-9AE1-D63A804C988D}"
EndProject
Project("{9A19103F-16F7-4668-BE54-9A1E7A4F7556}") = "kutuphane-odev", "kutuphane-odev\kutuphane-odev.csproj", "{C89D9B1C-48F3-42B3-9CF4-467C6871773A}"
EndProject
Project("{9A19103F-16F7-4668-BE54-9A1E7A4F7556}") = "encapsulation-odev", "encapsulation-odev\encapsulation-odev.csproj", "{E44AE4FD-C173-4B9A-A82D-B65BDBC2FBA6}"
EndProject
Project("{9A19103F-16F7-4668-BE54-9A1E7A4F7556}") = "inheritance-odev", "inheritance-odev\inheritance-odev.csproj", "{96D4BFED-5D4F-4743-9205-5158880C84C2}"
EndProject
Project("{9A19103F-16F7-4668-BE54-9A1E7A4F7556}") = "polymorphism-odev", "polymorphism-odev\polymorphism-odev.csproj", "{7BE6DC20-081D-4D6E-A893-7C034F6B1690}"
EndProject
Project("{9A19103F-16F7-4668-BE54-9A1E7A4F7556}") = "abstraction-odev", "abstraction-odev\abstraction-odev.csproj", "{D983E930-3C60-49EB-B357-DEB3290C3AE1}"
EndProject
Project("{9A19103F-16F7-4668-BE54-9A1E7A4F7556}") = "hafta4-kapanis", "hafta4-kapanis\hafta4-kapanis.csproj", "{20DF0CE3-B2C1-47DC-A4AC-44E50A66D81A}"
EndProject
Project("{9A19103F-16F7-4668-BE54-9A1E7A4F7556}") = "array-odev", "array-odev\array-odev.csproj", "{7E02D54D-FDBC-4189-82A5-F540EF783B9C}"
EndProject
Project("{9A19103F-16F7-4668-BE54-9A1E7A4F7556}") = "list-odev", "list-odev\list-odev.csproj", "{0377EC73-A074-4579-A4DC-DE009E998D98}"
EndProject
Project("{9A19103F-16F7-4668-BE54-9A1E7A4F7556}") = "kahve-list-odev", "kahve-list-odev\kahve-list-odev.csproj", "{0820BB15-250A-4C16-BCE7-0C944D94B0B5}"
EndProject
Project("{9A19103F-16F7-4668-BE54-9A1E7A4F7556}") = "try-catch-odev", "try-catch-odev\try-catch-odev.csproj", "{721D2BF6-9D9B-4A88-9199-8189A817E8E2}"
EndProject
Project("{9A19103F-16F7-4668-BE54-9A1E7A4F7556}") = "hafta5-kapanis", "hafta5-kapanis\hafta5-kapanis.csproj", "{6441E742-F993-47F7-8E33-823F888EAA83}"
EndProject
Project("{9A19103F-16F7-4668-BE54-9A1E7A4F7556}") = "linq-odev", "linq-odev\linq-odev.csproj", "{039F6893-E5C2-44EB-A3D3-C2937B553E8F}"
EndProject
Project("{9A19103F-16F7-4668-BE54-9A1E7A4F7556}") = "patikafy-odev", "patikafy-odev\patikafy-odev.csproj", "{7EEE7BE6-4BB2-48C8-B062-B9F7774BA61C}"
EndProject
Project("{9A19103F-16F7-4668-BE54-9A1E7A4F7556}") = "patikaflix-odev", "patikaflix-odev\patikaflix-odev.csproj", "{9CF553D0-D581-4DEB-ACE6-3A7EB0B1E66F}"
EndProject
Project("{FAE04EC0-301F-11D3-BF4B-00C04F79EFBC}") = "library-management-odev", "library-management-odev\library-management-odev.csproj", "{53E8EA5A-B9F5-4755-A88D-DA8C5AF19D13}"
EndProject
Project("{FAE04EC0-301F-11D3-BF4B-00C04F79EFBC}") = "group-join-odev", "group-join-odev\group-join-odev.csproj", "{D116AC75-A2AC-40C3-A1A8-41F9683319B2}"
EndProject
Global
	GlobalSection(SolutionConfigurationPlatforms) = preSolution
		Debug|Any CPU = Debug|Any CPU
		Release|Any CPU = Release|Any CPU
	EndGlobalSection
	GlobalSection(ProjectConfigurationPlatforms) = postSolution
		{E3DA8326-DE51-4806-A79C-84D9208810A3}.Debug|Any CPU.ActiveCfg = Debug|Any CPU
		{E3DA8326-DE51-4806-A79C-84D9208810A3}.Debug|Any CPU.Build.0 = Debug|Any CPU
		{E3DA8326-DE51-4806-A79C-84D9208810A3}.Release|Any CPU.ActiveCfg = Release|Any CPU
		{E3DA8326-DE51-4806-A79C-84D9208810A3}.Release|Any CPU.Build.0 = Release|Any CPU
		{7152AFAD-6E2B-4A5A-B115-A76BC52CD437}.Debug|Any CPU.ActiveCfg = Debug|Any CPU
		{7152AFAD-6E2B-4A5A-B115-A76BC52CD437}.Debug|Any CPU.Build.0 = Debug|Any CPU
		{7152AFAD-6E2B-4A5A-B115-A76BC52CD437}.Release|Any CPU.ActiveCfg = Release|Any CPU
		{7152AFAD-6E2B-4A5A-B115-A76BC52CD437}.Release|Any CPU.Build.0 = Release|Any CPU
		{6AD53DBF-D12E-4862-9093-8388F1DE34A0}.Debug|Any CPU.ActiveCfg = Debug|Any CPU
		{6AD53DBF-D12E-4862-9093-8388F1DE34A0}.Debug|Any CPU.Build.0 = Debug|Any CPU
		{6AD53DBF-D12E-4862-9093-8388F1DE34A0}.Release|Any CPU.ActiveCfg = Release|Any CPU
		{6AD53DBF-D12E-4862-9093-8388F1DE34A0}.Release|Any CPU.Build.0 = Release|Any CPU
		{17156AAC-A081-47CD-B3BA-3B53870BD4F4}.Debug|Any CPU.ActiveCfg = Debug|Any CPU
		{17156AAC-A081-47CD-B3BA-3B53870BD4F4}.Debug|Any CPU.Build.0 = Debug|Any CPU
		{17156AAC-A081-47CD-B3BA-3B53870BD4F4}.Release|Any CPU.ActiveCfg = Release|Any CPU
		{17156AAC-A081-47CD-B3BA-3B53870BD4F4}.Release|Any CPU.Build.0 = Release|Any CPU
		{3B77578D-8AB6-4FDE-9CB1-F3C4F2AD9401}.Debug|Any CPU.ActiveCfg = Debug|Any CPU
		{3B77578D-8AB6-4FDE-9CB1-F3C4F2AD9401}.Debug|Any CPU.Build.0 = Debug|Any CPU
		{3B77578D-8AB6-4FDE-9CB1-F3C4F2AD9401}.Release|Any CPU.ActiveCfg = Release|Any CPU
		{3B77578D-8AB6-4FDE-9CB1-F3C4F2AD9401}.Release|Any CPU.Build.0 = Release|Any CPU
		{4D51AA96-6BCD-43DB-ACA9-F436E778EFFF}.Debug|Any CPU.ActiveCfg = Debug|Any CPU
		{4D51AA96-6BCD-43DB-ACA9-F436E778EFFF}.Debug|Any CPU.Build.0 = Debug|Any CPU
		{4D51AA96-6BCD-43DB-ACA9-F436E778EFFF}.Release|Any CPU.ActiveCfg = Release|Any CPU
		{4D51AA96-6BCD-43DB-ACA9-F436E778EFFF}.Release|Any CPU.Build.0 = Release|Any CPU
		{CE3F7B32-A6D9-4550-B224-1E7F4610B9DF}.Debug|Any CPU.ActiveCfg = Debug|Any CPU
		{CE3F7B32-A6D9-4550-B224-1E7F4610B9DF}.Debug|Any CPU.Build.0 = Debug|Any CPU
		{CE3F7B32-A6D9-4550-B224-1E7F4610B9DF}.Release|Any CPU.ActiveCfg = Release|Any CPU
		{CE3F7B32-A6D9-4550-B224-1E7F4610B9DF}.Release|Any CPU.Build.0 = Release|Any CPU
		{BBC854F9-6E8B-44D8-A5FA-D62EEA6B074B}.Debug|Any CPU.ActiveCfg = Debug|Any CPU
		{BBC854F9-6E8B-44D8-A5FA-D62EEA6B074B}.Debug|Any CPU.Build.0 = Debug|Any CPU
		{BBC854F9-6E8B-44D8-A5FA-D62EEA6B074B}.Release|Any CPU.ActiveCfg = Release|Any CPU
		{BBC854F9-6E8B-44D8-A5FA-D62EEA6B074B}.Release|Any CPU.Build.0 = Release|Any CPU
		{51685538-770E-44AE-8B2C-A4C9D946A5DE}.Debug|Any CPU.ActiveCfg = Debug|Any CPU
		{51685538-770E-44AE-8B2C-A4C9D946A5DE}.Debug|Any CPU.Build.0 = Debug|Any CPU
		{51685538-770E-44AE-8B2C-A4C9D946A5DE}.Release|Any CPU.ActiveCfg = Release|Any CPU
		{51685538-770E-44AE-8B2C-A4C9D946A5DE}.Release|Any CPU.Build.0 = Release|Any CPU
		{A5346EA8-7A3F-4475-B040-248E7DCD8C79}.Debug|Any CPU.ActiveCfg = Debug|Any CPU
		{A5346EA8-7A3F-4475-B040-248E7DCD8C79}.Debug|Any CPU.Build.0 = Debug|Any CPU
		{A5346EA8-7A3F-4475-B040-248E7DCD8C79}.Release|Any CPU.ActiveCfg = Release|Any CPU
		{A5346EA8-7A3F-4475-B040-248E7DCD8C79}.Release|Any CPU.Build.0 = Release|Any CPU
		{D77B6D9E-6072-4C91-9AE1-D63A804C988D}.Debug|Any CPU.ActiveCfg = Debug|Any CPU
		{D77B6D9E-6072-4C91-9AE1-D63A804C988D}.Debug|Any CPU.Build.0 = Debug|Any CPU
		{D77B6D9E-6072-4C91-9AE1-D63A804C988D}.Release|Any CPU.ActiveCfg = Release|Any CPU
		{D77B6D9E-6072-4C91-9AE1-D63A804C988D}.Release|Any CPU.Build.0 = Release|Any CPU
		{C89D9B1C-48F3-42B3-9CF4-467C6871773A}.Debug|Any CPU.ActiveCfg = Debug|Any CPU
		{C89D9B1C-48F3-42B3-9CF4-467C6871773A}.Debug|Any CPU.Build.0 = Debug|Any CPU
		{C89D9B1C-48F3-42B3-9CF4-467C6871773A}.Release|Any CPU.ActiveCfg = Release|Any CPU
		{C89D9B1C-48F3-42B3-9CF4-467C6871773A}.Release|Any CPU.Build.0 = Release|Any CPU
		{E44AE4FD-C173-4B9A-A82D-B65BDBC2FBA6}.Debug|Any CPU.ActiveCfg = Debug|Any CPU
		{E44AE4FD-C173-4B9A-A82D-B65BDBC2FBA6}.Debug|Any CPU.Build.0 = Debug|Any CPU
		{E44AE4FD-C173-4B9A-A82D-B65BDBC2FBA6}.Release|Any CPU.ActiveCfg = Release|Any CPU
		{E44AE4FD-C173-4B9A-A82D-B65BDBC2FBA6}.Release|Any CPU.Build.0 = Release|Any CPU
		{96D4BFED-5D4F-4743-9205-5158880C84C2}.Debug|Any CPU.ActiveCfg = Debug|Any CPU
		{96D4BFED-5D4F-4743-9205-5158880C84C2}.Debug|Any CPU.Build.0 = Debug|Any CPU
		{96D4BFED-5D4F-4743-9205-5158880C84C2}.Release|Any CPU.ActiveCfg = Release|Any CPU
		{96D4BFED-5D4F-4743-9205-5158880C84C2}.Release|Any CPU.Build.0 = Release|Any CPU
		{7BE6DC20-081D-4D6E-A893-7C034F6B1690}.Debug|Any CPU.ActiveCfg = Debug|Any CPU
		{7BE6DC20-081D-4D6E-A893-7C034F6B1690}.Debug|Any CPU.Build.0 = Debug|Any CPU
		{7BE6DC20-081D-4D6E-A893-7C034F6B1690}.Release|Any CPU.ActiveCfg = Release|Any CPU
		{7BE6DC20-081D-4D6E-A893-7C034F6B1690}.Release|Any CPU.Build.0 = Release|Any CPU
		{D983E930-3C60-49EB-B357-DEB3290C3AE1}.Debug|Any CPU.ActiveCfg = Debug|Any CPU
		{D983E930-3C60-49EB-B357-DEB3290C3AE1}.Debug|Any CPU.Build.0 = Debug|Any CPU
		{D983E930-3C60-49EB-B357-DEB3290C3AE1}.Release|Any CPU.ActiveCfg = Release|Any CPU
		{D983E930-3C60-49EB-B357-DEB3290C3AE1}.Release|Any CPU.Build.0 = Release|Any CPU
		{20DF0CE3-B2C1-47DC-A4AC-44E50A66D81A}.Debug|Any CPU.ActiveCfg = Debug|Any CPU
		{20DF0CE3-B2C1-47DC-A4AC-44E50A66D81A}.Debug|Any CPU.Build.0 = Debug|Any CPU
		{20DF0CE3-B2C1-47DC-A4AC-44E50A66D81A}.Release|Any CPU.ActiveCfg = Release|Any CPU
		{20DF0CE3-B2C1-47DC-A4AC-44E50A66D81A}.Release|Any CPU.Build.0 = Release|Any CPU
		{7E02D54D-FDBC-4189-82A5-F540EF783B9C}.Debug|Any CPU.ActiveCfg = Debug|Any CPU
		{7E02D54D-FDBC-4189-82A5-F540EF783B9C}.Debug|Any CPU.Build.0 = Debug|Any CPU
		{7E02D54D-FDBC-4189-82A5-F540EF783B9C}.Release|Any CPU.ActiveCfg = Release|Any CPU
		{7E02D54D-FDBC-4189-82A5-F540EF783B9C}.Release|Any CPU.Build.0 = Release|Any CPU
		{0377EC73-A074-4579-A4DC-DE009E998D98}.Debug|Any CPU.ActiveCfg = Debug|Any CPU
		{0377EC73-A074-4579-A4DC-DE009E998D98}.Debug|Any CPU.Build.0 = Debug|Any CPU
		{0377EC73-A074-4579-A4DC-DE009E998D98}.Release|Any CPU.ActiveCfg = Release|Any CPU
		{0377EC73-A074-4579-A4DC-DE009E998D98}.Release|Any CPU.Build.0 = Release|Any CPU
		{0820BB15-250A-4C16-BCE7-0C944D94B0B5}.Debug|Any CPU.ActiveCfg = Debug|Any CPU
		{0820BB15-250A-4C16-BCE7-0C944D94B0B5}.Debug|Any CPU.Build.0 = Debug|Any CPU
		{0820BB15-250A-4C16-BCE7-0C944D94B0B5}.Release|Any CPU.ActiveCfg = Release|Any CPU
		{0820BB15-250A-4C16-BCE7-0C944D94B0B5}.Release|Any CPU.Build.0 = Release|Any CPU
		{721D2BF6-9D9B-4A88-9199-8189A817E8E2}.Debug|Any CPU.ActiveCfg = Debug|Any CPU
		{721D2BF6-9D9B-4A88-9199-8189A817E8E2}.Debug|Any CPU.Build.0 = Debug|Any CPU
		{721D2BF6-9D9B-4A88-9199-8189A817E8E2}.Release|Any CPU.ActiveCfg = Release|Any CPU
		{721D2BF6-9D9B-4A88-9199-8189A817E8E2}.Release|Any CPU.Build.0 = Release|Any CPU
		{6441E742-F993-47F7-8E33-823F888EAA83}.Debug|Any CPU.ActiveCfg = Debug|Any CPU
		{6441E742-F993-47F7-8E33-823F888EAA83}.Debug|Any CPU.Build.0 = Debug|Any CPU
		{6441E742-F993-47F7-8E33-823F888EAA83}.Release|Any CPU.ActiveCfg = Release|Any CPU
		{6441E742-F993-47F7-8E33-823F888EAA83}.Release|Any CPU.Build.0 = Release|Any CPU
		{039F6893-E5C2-44EB-A3D3-C2937B553E8F}.Debug|Any CPU.ActiveCfg = Debug|Any CPU
		{039F6893-E5C2-44EB-A3D3-C2937B553E8F}.Debug|Any CPU.Build.0 = Debug|Any CPU
		{039F6893-E5C2-44EB-A3D3-C2937B553E8F}.Release|Any CPU.ActiveCfg = Release|Any CPU
		{039F6893-E5C2-44EB-A3D3-C2937B553E8F}.Release|Any CPU.Build.0 = Release|Any CPU
		{7EEE7BE6-4BB2-48C8-B062-B9F7774BA61C}.Debug|Any CPU.ActiveCfg = Debug|Any CPU
		{7EEE7BE6-4BB2-48C8-B062-B9F7774BA61C}.Debug|Any CPU.Build.0 = Debug|Any CPU
		{7EEE7BE6-4BB2-48C8-B062-B9F7774BA61C}.Release|Any CPU.ActiveCfg = Release|Any CPU
		{7EEE7BE6-4BB2-48C8-B062-B9F7774BA61C}.Release|Any CPU.Build.0 = Release|Any CPU
		{9CF553D0-D581-4DEB-ACE6-3A7EB0B1E66F}.Debug|Any CPU.ActiveCfg = Debug|Any CPU
		{9CF553D0-D581-4DEB-ACE6-3A7EB0B1E66F}.Debug|Any CPU.Build.0 = Debug|Any CPU
		{9CF553D0-D581-4DEB-ACE6-3A7EB0B1E66F}.Release|Any CPU.ActiveCfg = Release|Any CPU
		{9CF553D0-D581-4DEB-ACE6-3A7EB0B1E66F}.Release|Any CPU.Build.0 = Release|Any CPU
		{53E8EA5A-B9F5-4755-A88D-DA8C5AF19D13}.Debug|Any CPU.ActiveCfg = Debug|Any CPU
		{53E8EA5A-B9F5-4755-A88D-DA8C5AF19D13}.Debug|Any CPU.Build.0 = Debug|Any CPU
		{53E8EA5A-B9F5-4755-A88D-DA8C5AF19D13}.Release|Any CPU.ActiveCfg = Release|Any CPU
		{53E8EA5A-B9F5-4755-A88D-DA8C5AF19D13}.Release|Any CPU.Build.0 = Release|Any CPU
		{D116AC75-A2AC-40C3-A1A8-41F9683319B2}.Debug|Any CPU.ActiveCfg = Debug|Any CPU
		{D116AC75-A2AC-40C3-A1A8-41F9683319B2}.Debug|Any CPU.Build.0 = Debug|Any CPU
		{D116AC75-A2AC-40C3-A1A8-41F9683319B2}.Release|Any CPU.ActiveCfg = Release|Any CPU
		{D116AC75-A2AC-40C3-A1A8-41F9683319B2}.Release|Any CPU.Build.0 = Release|Any CPU
	EndGlobalSection
	GlobalSection(SolutionProperties) = preSolution
		HideSolutionNode = FALSE
	EndGlobalSection
	GlobalSection(ExtensibilityGlobals) = postSolution
		SolutionGuid = {FDF3F34B-810D-44AB-A24E-854D5955682B}
	EndGlobalSection
EndGlobal
