
Microsoft Visual Studio Solution File, Format Version 12.00
# Visual Studio Version 17
VisualStudioVersion = 17.11.35327.3
MinimumVisualStudioVersion = 10.0.40219.1
Project("{9A19103F-16F7-4668-BE54-9A1E7A4F7556}") = "if-else-odev", "if-else-odev\if-else-odev.csproj", "{E3DA8326-DE51-4806-A79C-84D9208810A3}"
EndProject
Project("{9A19103F-16F7-4668-BE54-9A1E7A4F7556}") = "switch-case-odev", "switch-case-odev\switch-case-odev.csproj", "{7152AFAD-6E2B-4A5A-B115-A76BC52CD437}"
EndProject
Project("{9A19103F-16F7-4668-BE54-9A1E7A4F7556}") = "milyoner-odev", "milyoner-odev\milyoner-odev.csproj", "{6AD53DBF-D12E-4862-9093-8388F1DE34A0}"
EndProject
Project("{9A19103F-16F7-4668-BE54-9A1E7A4F7556}") = "for-odev", "for-odev\for-odev.csproj", "{17156AAC-A081-47CD-B3BA-3B53870BD4F4}"
EndProject
Project("{9A19103F-16F7-4668-BE54-9A1E7A4F7556}") = "while-odev", "while-odev\while-odev.csproj", "{3B77578D-8AB6-4FDE-9CB1-F3C4F2AD9401}"
EndProject
Project("{9A19103F-16F7-4668-BE54-9A1E7A4F7556}") = "do-while-odev", "do-while-odev\do-while-odev.csproj", "{4D51AA96-6BCD-43DB-ACA9-F436E778EFFF}"
EndProject
Project("{9A19103F-16F7-4668-BE54-9A1E7A4F7556}") = "holiday-app-odev", "holiday-app-odev\holiday-app-odev.csproj", "{CE3F7B32-A6D9-4550-B224-1E7F4610B9DF}"
EndProject
Project("{9A19103F-16F7-4668-BE54-9A1E7A4F7556}") = "method-odev", "method-odev\method-odev.csproj", "{BBC854F9-6E8B-44D8-A5FA-D62EEA6B074B}"
EndProject
Project("{9A19103F-16F7-4668-BE54-9A1E7A4F7556}") = "ikinci-hafta-kapanis", "ikinci-hafta-kapanis\ikinci-hafta-kapanis.csproj", "{51685538-770E-44AE-8B2C-A4C9D946A5DE}"
EndProject
Project("{9A19103F-16F7-4668-BE54-9A1E7A4F7556}") = "class-odev", "class-odev\class-odev.csproj", "{A5346EA8-7A3F-4475-B040-248E7DCD8C79}"
EndProject
Project("{9A19103F-16F7-4668-BE54-9A1E7A4F7556}") = "ctor-odev", "ctor-odev\ctor-odev.csproj", "{D77B6D9E-6072-4C91-9AE1-D63A804C988D}"
EndProject
Project("{9A19103F-16F7-4668-BE54-9A1E7A4F7556}") = "kutuphane-odev", "kutuphane-odev\kutuphane-odev.csproj", "{C89D9B1C-48F3-42B3-9CF4-467C6871773A}"
EndProject
Project("{FAE04EC0-301F-11D3-BF4B-00C04F79EFBC}") = "encapsulation-odev", "encapsulation-odev\encapsulation-odev.csproj", "{E44AE4FD-C173-4B9A-A82D-B65BDBC2FBA6}"
EndProject
Project("{FAE04EC0-301F-11D3-BF4B-00C04F79EFBC}") = "inheritance-odev", "inheritance-odev\inheritance-odev.csproj", "{96D4BFED-5D4F-4743-9205-5158880C84C2}"
EndProject
Project("{FAE04EC0-301F-11D3-BF4B-00C04F79EFBC}") = "polymorphism-odev", "polymorphism-odev\polymorphism-odev.csproj", "{7BE6DC20-081D-4D6E-A893-7C034F6B1690}"
EndProject
Global
	GlobalSection(SolutionConfigurationPlatforms) = preSolution
		Debug|Any CPU = Debug|Any CPU
		Release|Any CPU = Release|Any CPU
	EndGlobalSection
	GlobalSection(ProjectConfigurationPlatforms) = postSolution
		{E3DA8326-DE51-4806-A79C-84D9208810A3}.Debug|Any CPU.ActiveCfg = Debug|Any CPU
		{E3DA8326-DE51-4806-A79C-84D9208810A3}.Debug|Any CPU.Build.0 = Debug|Any CPU
		{E3DA8326-DE51-4806-A79C-84D9208810A3}.Release|Any CPU.ActiveCfg = Release|Any CPU
		{E3DA8326-DE51-4806-A79C-84D9208810A3}.Release|Any CPU.Build.0 = Release|Any CPU
		{7152AFAD-6E2B-4A5A-B115-A76BC52CD437}.Debug|Any CPU.ActiveCfg = Debug|Any CPU
		{7152AFAD-6E2B-4A5A-B115-A76BC52CD437}.Debug|Any CPU.Build.0 = Debug|Any CPU
		{7152AFAD-6E2B-4A5A-B115-A76BC52CD437}.Release|Any CPU.ActiveCfg = Release|Any CPU
		{7152AFAD-6E2B-4A5A-B115-A76BC52CD437}.Release|Any CPU.Build.0 = Release|Any CPU
		{6AD53DBF-D12E-4862-9093-8388F1DE34A0}.Debug|Any CPU.ActiveCfg = Debug|Any CPU
		{6AD53DBF-D12E-4862-9093-8388F1DE34A0}.Debug|Any CPU.Build.0 = Debug|Any CPU
		{6AD53DBF-D12E-4862-9093-8388F1DE34A0}.Release|Any CPU.ActiveCfg = Release|Any CPU
		{6AD53DBF-D12E-4862-9093-8388F1DE34A0}.Release|Any CPU.Build.0 = Release|Any CPU
		{17156AAC-A081-47CD-B3BA-3B53870BD4F4}.Debug|Any CPU.ActiveCfg = Debug|Any CPU
		{17156AAC-A081-47CD-B3BA-3B53870BD4F4}.Debug|Any CPU.Build.0 = Debug|Any CPU
		{17156AAC-A081-47CD-B3BA-3B53870BD4F4}.Release|Any CPU.ActiveCfg = Release|Any CPU
		{17156AAC-A081-47CD-B3BA-3B53870BD4F4}.Release|Any CPU.Build.0 = Release|Any CPU
		{3B77578D-8AB6-4FDE-9CB1-F3C4F2AD9401}.Debug|Any CPU.ActiveCfg = Debug|Any CPU
		{3B77578D-8AB6-4FDE-9CB1-F3C4F2AD9401}.Debug|Any CPU.Build.0 = Debug|Any CPU
		{3B77578D-8AB6-4FDE-9CB1-F3C4F2AD9401}.Release|Any CPU.ActiveCfg = Release|Any CPU
		{3B77578D-8AB6-4FDE-9CB1-F3C4F2AD9401}.Release|Any CPU.Build.0 = Release|Any CPU
		{4D51AA96-6BCD-43DB-ACA9-F436E778EFFF}.Debug|Any CPU.ActiveCfg = Debug|Any CPU
		{4D51AA96-6BCD-43DB-ACA9-F436E778EFFF}.Debug|Any CPU.Build.0 = Debug|Any CPU
		{4D51AA96-6BCD-43DB-ACA9-F436E778EFFF}.Release|Any CPU.ActiveCfg = Release|Any CPU
		{4D51AA96-6BCD-43DB-ACA9-F436E778EFFF}.Release|Any CPU.Build.0 = Release|Any CPU
		{CE3F7B32-A6D9-4550-B224-1E7F4610B9DF}.Debug|Any CPU.ActiveCfg = Debug|Any CPU
		{CE3F7B32-A6D9-4550-B224-1E7F4610B9DF}.Debug|Any CPU.Build.0 = Debug|Any CPU
		{CE3F7B32-A6D9-4550-B224-1E7F4610B9DF}.Release|Any CPU.ActiveCfg = Release|Any CPU
		{CE3F7B32-A6D9-4550-B224-1E7F4610B9DF}.Release|Any CPU.Build.0 = Release|Any CPU
		{BBC854F9-6E8B-44D8-A5FA-D62EEA6B074B}.Debug|Any CPU.ActiveCfg = Debug|Any CPU
		{BBC854F9-6E8B-44D8-A5FA-D62EEA6B074B}.Debug|Any CPU.Build.0 = Debug|Any CPU
		{BBC854F9-6E8B-44D8-A5FA-D62EEA6B074B}.Release|Any CPU.ActiveCfg = Release|Any CPU
		{BBC854F9-6E8B-44D8-A5FA-D62EEA6B074B}.Release|Any CPU.Build.0 = Release|Any CPU
		{51685538-770E-44AE-8B2C-A4C9D946A5DE}.Debug|Any CPU.ActiveCfg = Debug|Any CPU
		{51685538-770E-44AE-8B2C-A4C9D946A5DE}.Debug|Any CPU.Build.0 = Debug|Any CPU
		{51685538-770E-44AE-8B2C-A4C9D946A5DE}.Release|Any CPU.ActiveCfg = Release|Any CPU
		{51685538-770E-44AE-8B2C-A4C9D946A5DE}.Release|Any CPU.Build.0 = Release|Any CPU
		{A5346EA8-7A3F-4475-B040-248E7DCD8C79}.Debug|Any CPU.ActiveCfg = Debug|Any CPU
		{A5346EA8-7A3F-4475-B040-248E7DCD8C79}.Debug|Any CPU.Build.0 = Debug|Any CPU
		{A5346EA8-7A3F-4475-B040-248E7DCD8C79}.Release|Any CPU.ActiveCfg = Release|Any CPU
		{A5346EA8-7A3F-4475-B040-248E7DCD8C79}.Release|Any CPU.Build.0 = Release|Any CPU
		{D77B6D9E-6072-4C91-9AE1-D63A804C988D}.Debug|Any CPU.ActiveCfg = Debug|Any CPU
		{D77B6D9E-6072-4C91-9AE1-D63A804C988D}.Debug|Any CPU.Build.0 = Debug|Any CPU
		{D77B6D9E-6072-4C91-9AE1-D63A804C988D}.Release|Any CPU.ActiveCfg = Release|Any CPU
		{D77B6D9E-6072-4C91-9AE1-D63A804C988D}.Release|Any CPU.Build.0 = Release|Any CPU
		{C89D9B1C-48F3-42B3-9CF4-467C6871773A}.Debug|Any CPU.ActiveCfg = Debug|Any CPU
		{C89D9B1C-48F3-42B3-9CF4-467C6871773A}.Debug|Any CPU.Build.0 = Debug|Any CPU
		{C89D9B1C-48F3-42B3-9CF4-467C6871773A}.Release|Any CPU.ActiveCfg = Release|Any CPU
		{C89D9B1C-48F3-42B3-9CF4-467C6871773A}.Release|Any CPU.Build.0 = Release|Any CPU
		{E44AE4FD-C173-4B9A-A82D-B65BDBC2FBA6}.Debug|Any CPU.ActiveCfg = Debug|Any CPU
		{E44AE4FD-C173-4B9A-A82D-B65BDBC2FBA6}.Debug|Any CPU.Build.0 = Debug|Any CPU
		{E44AE4FD-C173-4B9A-A82D-B65BDBC2FBA6}.Release|Any CPU.ActiveCfg = Release|Any CPU
		{E44AE4FD-C173-4B9A-A82D-B65BDBC2FBA6}.Release|Any CPU.Build.0 = Release|Any CPU
		{96D4BFED-5D4F-4743-9205-5158880C84C2}.Debug|Any CPU.ActiveCfg = Debug|Any CPU
		{96D4BFED-5D4F-4743-9205-5158880C84C2}.Debug|Any CPU.Build.0 = Debug|Any CPU
		{96D4BFED-5D4F-4743-9205-5158880C84C2}.Release|Any CPU.ActiveCfg = Release|Any CPU
		{96D4BFED-5D4F-4743-9205-5158880C84C2}.Release|Any CPU.Build.0 = Release|Any CPU
		{7BE6DC20-081D-4D6E-A893-7C034F6B1690}.Debug|Any CPU.ActiveCfg = Debug|Any CPU
		{7BE6DC20-081D-4D6E-A893-7C034F6B1690}.Debug|Any CPU.Build.0 = Debug|Any CPU
		{7BE6DC20-081D-4D6E-A893-7C034F6B1690}.Release|Any CPU.ActiveCfg = Release|Any CPU
		{7BE6DC20-081D-4D6E-A893-7C034F6B1690}.Release|Any CPU.Build.0 = Release|Any CPU
	EndGlobalSection
	GlobalSection(SolutionProperties) = preSolution
		HideSolutionNode = FALSE
	EndGlobalSection
	GlobalSection(ExtensibilityGlobals) = postSolution
		SolutionGuid = {FDF3F34B-810D-44AB-A24E-854D5955682B}
	EndGlobalSection
EndGlobal
